
Microsoft Visual Studio Solution File, Format Version 12.00
# Visual Studio Version 17
VisualStudioVersion = 17.0.32126.317
MinimumVisualStudioVersion = 10.0.40219.1
Project("{FAE04EC0-301F-11D3-BF4B-00C04F79EFBC}") = "TestSonarQube", "TestSonarQube\TestSonarQube.csproj", "{0194A7BA-EC63-4C2C-9EEF-F30D3D840B81}"
EndProject
Global
	GlobalSection(SolutionConfigurationPlatforms) = preSolution
		Debug|Any CPU = Debug|Any CPU
		Release|Any CPU = Release|Any CPU
	EndGlobalSection
	GlobalSection(ProjectConfigurationPlatforms) = postSolution
		{0194A7BA-EC63-4C2C-9EEF-F30D3D840B81}.Debug|Any CPU.ActiveCfg = Debug|Any CPU
		{0194A7BA-EC63-4C2C-9EEF-F30D3D840B81}.Debug|Any CPU.Build.0 = Debug|Any CPU
		{0194A7BA-EC63-4C2C-9EEF-F30D3D840B81}.Release|Any CPU.ActiveCfg = Release|Any CPU
		{0194A7BA-EC63-4C2C-9EEF-F30D3D840B81}.Release|Any CPU.Build.0 = Release|Any CPU
	EndGlobalSection
	GlobalSection(SolutionProperties) = preSolution
		HideSolutionNode = FALSE
	EndGlobalSection
	GlobalSection(ExtensibilityGlobals) = postSolution
		SolutionGuid = {9A73F567-926D-4091-9440-DF4E76D48EF2}
	EndGlobalSection
EndGlobal
